{
  "schemaVersion": "tl-syntax.qualified-tools/v1",
  "environment": {
    "home": "/home/peter",
    "cargoTargetDir": "/home/peter/dev/tl-syntax/target/qualification-v1"
  },
  "toolchain": {
    "cargoVerboseSha256": "fcfafeedf9e1047337cbc09d4b2279bbf73c68b0230dadfa2551a3122a92fe7c",
    "rustcVerboseSha256": "a834181975ab3494d51a1a01e4a9d4321fecd674a52e3db3cf93b3b84b6fc2c1"
  },
  "tools": {
    "bash": {
      "path": "/usr/bin/bash",
      "sha256": "59474588a312b6b6e73e5a42a59bf71e62b55416b6c9d5e4a6e1c630c2a9ecd4"
    },
    "cargo": {
      "path": "/home/peter/.rustup/toolchains/stable-x86_64-unknown-linux-gnu/bin/cargo",
      "sha256": "b7561ebe947acf816451536f19871ea4810f6be3f82fd252feab6ca7be8396f5"
    },
    "git": {
      "path": "/usr/bin/git",
      "sha256": "587ef21868c948b883993e23209b86a72a6ddc06aab1545c697ffc31075acd4a"
    },
    "make": {
      "path": "/usr/bin/make",
      "sha256": "92f646030615cd98490a68a94c0aefd87b552be3158b941c02e43b0bfdb576db"
    },
    "python3": {
      "path": "/usr/bin/python3",
      "sha256": "7d51cd6b48b521277f5caa4610a82126e315fa2be4df069823a8b1eeb5bd4a86"
    },
    "quire": {
      "path": "/home/peter/.npm-global/bin/quire",
      "sha256": "96ce25fe91ab75ee96505b343b251a3e1db16de430a524aabef1f5590dbc02b3"
    },
    "rustc": {
      "path": "/home/peter/.rustup/toolchains/stable-x86_64-unknown-linux-gnu/bin/rustc",
      "sha256": "ef6d716e5d1c6c93def277c0afa037c21e7a74f7de3aed4ee0700646c3301b1d"
    },
    "sha256sum": {
      "path": "/usr/bin/sha256sum",
      "sha256": "7645c8e76d75515ccb75c9086bdcf0d4071f2985f380f249253ead7d7c6810b3"
    }
  }
}
